
Microsoft Visual Studio Solution File, Format Version 12.00
# Visual Studio Version 16
VisualStudioVersion = 16.0.29728.190
MinimumVisualStudioVersion = 10.0.40219.1
Project("{9A19103F-16F7-4668-BE54-9A1E7A4F7556}") = "BlackJack", "BlackJAck\BlackJack.csproj", "{67F89879-83FC-49B7-9BE9-538CD35B2221}"
EndProject
Project("{9A19103F-16F7-4668-BE54-9A1E7A4F7556}") = "BlackJackPlayer", "BlackJackPlayer\BlackJackPlayer.csproj", "{C7C416A1-A5E6-490C-A86D-A9C36E99B021}"
EndProject
Project("{FAE04EC0-301F-11D3-BF4B-00C04F79EFBC}") = "BlackJackTests", "BlackJackTests\BlackJackTests.csproj", "{43A467C8-33C0-40CC-9AA1-8AE18EE02F0C}"
EndProject
Global
	GlobalSection(SolutionConfigurationPlatforms) = preSolution
		Debug|Any CPU = Debug|Any CPU
		Release|Any CPU = Release|Any CPU
	EndGlobalSection
	GlobalSection(ProjectConfigurationPlatforms) = postSolution
		{67F89879-83FC-49B7-9BE9-538CD35B2221}.Debug|Any CPU.ActiveCfg = Debug|Any CPU
		{67F89879-83FC-49B7-9BE9-538CD35B2221}.Debug|Any CPU.Build.0 = Debug|Any CPU
		{67F89879-83FC-49B7-9BE9-538CD35B2221}.Release|Any CPU.ActiveCfg = Release|Any CPU
		{67F89879-83FC-49B7-9BE9-538CD35B2221}.Release|Any CPU.Build.0 = Release|Any CPU
		{C7C416A1-A5E6-490C-A86D-A9C36E99B021}.Debug|Any CPU.ActiveCfg = Debug|Any CPU
		{C7C416A1-A5E6-490C-A86D-A9C36E99B021}.Debug|Any CPU.Build.0 = Debug|Any CPU
		{C7C416A1-A5E6-490C-A86D-A9C36E99B021}.Release|Any CPU.ActiveCfg = Release|Any CPU
		{C7C416A1-A5E6-490C-A86D-A9C36E99B021}.Release|Any CPU.Build.0 = Release|Any CPU
		{43A467C8-33C0-40CC-9AA1-8AE18EE02F0C}.Debug|Any CPU.ActiveCfg = Debug|Any CPU
		{43A467C8-33C0-40CC-9AA1-8AE18EE02F0C}.Debug|Any CPU.Build.0 = Debug|Any CPU
		{43A467C8-33C0-40CC-9AA1-8AE18EE02F0C}.Release|Any CPU.ActiveCfg = Release|Any CPU
		{43A467C8-33C0-40CC-9AA1-8AE18EE02F0C}.Release|Any CPU.Build.0 = Release|Any CPU
	EndGlobalSection
	GlobalSection(SolutionProperties) = preSolution
		HideSolutionNode = FALSE
	EndGlobalSection
	GlobalSection(ExtensibilityGlobals) = postSolution
		SolutionGuid = {89ACE565-BE97-49E5-B5DB-3E9846309428}
	EndGlobalSection
EndGlobal
